{
  "version": 4,
  "terraform_version": "1.5.7",
  "serial": 15,
  "lineage": "06c0ce46-0c69-0b72-6559-a05c022d1364",
  "outputs": {},
  "resources": [
    {
      "mode": "managed",
      "type": "google_container_cluster",
      "name": "primary",
      "provider": "provider[\"registry.terraform.io/hashicorp/google\"]",
      "instances": [
        {
          "schema_version": 2,
          "attributes": {
            "addons_config": [
              {
                "cloudrun_config": [],
                "config_connector_config": [],
                "dns_cache_config": [],
                "gce_persistent_disk_csi_driver_config": [
                  {
                    "enabled": true
                  }
                ],
                "gcp_filestore_csi_driver_config": [],
                "gcs_fuse_csi_driver_config": [],
                "gke_backup_agent_config": [],
                "horizontal_pod_autoscaling": [],
                "http_load_balancing": [],
                "lustre_csi_driver_config": [],
                "network_policy_config": [
                  {
                    "disabled": true
                  }
                ],
                "parallelstore_csi_driver_config": [],
                "ray_operator_config": [],
                "stateful_ha_config": []
              }
            ],
            "allow_net_admin": null,
            "anonymous_authentication_config": [
              {
                "mode": "ENABLED"
              }
            ],
            "authenticator_groups_config": [],
            "binary_authorization": [
              {
                "enabled": false,
                "evaluation_mode": ""
              }
            ],
            "cluster_autoscaling": [
              {
                "auto_provisioning_defaults": [],
                "auto_provisioning_locations": [],
                "autoscaling_profile": "BALANCED",
                "default_compute_class_enabled": false,
                "enabled": false,
                "resource_limits": []
              }
            ],
            "cluster_ipv4_cidr": "10.100.0.0/14",
            "confidential_nodes": [],
            "control_plane_endpoints_config": [
              {
                "dns_endpoint_config": [
                  {
                    "allow_external_traffic": false,
                    "endpoint": "gke-595502f6b5494fe0b3b2227dc8a1b55d34de-218930959698.us-central1-a.gke.goog"
                  }
                ],
                "ip_endpoints_config": [
                  {
                    "enabled": true
                  }
                ]
              }
            ],
            "cost_management_config": [],
            "database_encryption": [
              {
                "key_name": "",
                "state": "DECRYPTED"
              }
            ],
            "datapath_provider": "",
            "default_max_pods_per_node": 110,
            "default_snat_status": [
              {
                "disabled": false
              }
            ],
            "deletion_protection": true,
            "description": "",
            "disable_l4_lb_firewall_reconciliation": false,
            "dns_config": [],
            "effective_labels": {
              "goog-terraform-provisioned": "true"
            },
            "enable_autopilot": false,
            "enable_cilium_clusterwide_network_policy": false,
            "enable_fqdn_network_policy": false,
            "enable_intranode_visibility": false,
            "enable_k8s_beta_apis": [],
            "enable_kubernetes_alpha": false,
            "enable_l4_ilb_subsetting": false,
            "enable_legacy_abac": false,
            "enable_multi_networking": false,
            "enable_shielded_nodes": true,
            "enable_tpu": false,
            "endpoint": "34.72.121.240",
            "enterprise_config": [
              {
                "cluster_tier": "STANDARD",
                "desired_tier": ""
              }
            ],
            "fleet": [],
            "gateway_api_config": [],
            "gke_auto_upgrade_config": [],
            "id": "projects/radiant-arcanum-472209-v6/locations/us-central1-a/clusters/tf-gke-cluster",
            "identity_service_config": [],
            "in_transit_encryption_config": "",
            "initial_node_count": 1,
            "ip_allocation_policy": [
              {
                "additional_ip_ranges_config": [],
                "additional_pod_ranges_config": [],
                "cluster_ipv4_cidr_block": "10.100.0.0/14",
                "cluster_secondary_range_name": "gke-tf-gke-cluster-pods-595502f6",
                "pod_cidr_overprovision_config": [
                  {
                    "disabled": false
                  }
                ],
                "services_ipv4_cidr_block": "34.118.224.0/20",
                "services_secondary_range_name": "",
                "stack_type": "IPV4"
              }
            ],
            "label_fingerprint": "78cdf2f6",
            "location": "us-central1-a",
            "logging_config": [
              {
                "enable_components": [
                  "SYSTEM_COMPONENTS",
                  "WORKLOADS"
                ]
              }
            ],
            "logging_service": "logging.googleapis.com/kubernetes",
            "maintenance_policy": [],
            "master_auth": [
              {
                "client_certificate": "",
                "client_certificate_config": [
                  {
                    "issue_client_certificate": false
                  }
                ],
                "client_key": "",
                "cluster_ca_certificate": "LS0tLS1CRUdJTiBDRVJUSUZJQ0FURS0tLS0tCk1JSUVMVENDQXBXZ0F3SUJBZ0lSQU1rVm1hY216WTZBSGszdll2djN0cmd3RFFZSktvWklodmNOQVFFTEJRQXcKTHpFdE1Dc0dBMVVFQXhNa1pUSTVaR1UxWVdNdFpUQmtNaTAwWm1NMExXSmpOV0V0TUdNNE0yVTBOREZrTjJaagpNQ0FYRFRJMU1Ea3hOekEwTXpRd05sb1lEekl3TlRVd09URXdNRFV6TkRBMldqQXZNUzB3S3dZRFZRUURFeVJsCk1qbGtaVFZoWXkxbE1HUXlMVFJtWXpRdFltTTFZUzB3WXpnelpUUTBNV1EzWm1Nd2dnR2lNQTBHQ1NxR1NJYjMKRFFFQkFRVUFBNElCandBd2dnR0tBb0lCZ1FEYndNOGtrVDk4dWRMc2RCTmlQMGk0YUlsZUp4bkVMUlRlRm9pcQowQ01vV3N1T25yTzNOUnR0QkhNdW5EY1J3SWpzeURtZzZESnA3SklnSlZFL3g5TzY1QmdXNnNsWml6Z0ZmeDJFCmsvb2pTT3U4V1RDQ1lpQjdUcnRiV3FpaVFzU0dLZHZOMzJTd3gzS253SVdnOTdRZmJzRXFRbDFoWHFxeEZndmwKYWQ3bmxsNEkrTHU2UXZkTGc0bzBhTmRqR2szelI5RitLN1k2ejhsaXVRZkZUOWM4aHJ0SkR3V1lDOUZvajAvOAowVUJTZVdHRGZZak11NEJqWUZMcUVRaU1zazZ5YTJFRlh0TVdKTlY3Z2NiS3B4bE9ITTF3OGtxMVVWZ3FWMWtCCmRSc0sxTGxlTGt6dWVqcnhrNWl3blVoNWp4ekgyY2xXYS84R3l4Sm4rb2RTVHd4aXErQ3VwbUlEK2h4dzJuaVUKdkVqOTZKbGdYVG12U1dqNnpja2phZFc3UEZSeXVpOGhCMHZZQkgyVUxZYkxWeGg0SU1KS0d3aGkveVJuWW5BSApCZmdIWkNQS2p3Wm9yVjhoYnBGcWxkRENIc2d5NnR5OW5JdER4UzhsKzhtTkJPOHlVbWg5d3g3aWllc3M2T3ZICjhrM05pazFZTnl6MUFyYm1rdTJnRmJzRXhNRUNBd0VBQWFOQ01FQXdEZ1lEVlIwUEFRSC9CQVFEQWdJRU1BOEcKQTFVZEV3RUIvd1FGTUFNQkFmOHdIUVlEVlIwT0JCWUVGSjRPd05lbVZMUHlWVENWSlhuZGwzSE9wbWlhTUEwRwpDU3FHU0liM0RRRUJDd1VBQTRJQmdRQTlNV1Njcm5KRzIxa29TWWcwYkZSMURCMThIa1M5cU53YzBpRk4ybUNaCllTQzA2S0pYTGYxNXBWT0lmK0Z0aWY3ZUxXMGNhdHNrcDN0NHFocmVpeHJtSnZpS29SektoY3Eyc2FBUytQVmUKSXZMV2l6WVM2bzlGRG5EU3BuQ0FkeGhSTnE4M05TRy9RVzVyeTgrNDAwZGNXVGFFaDQ2VVc2NWVqWXJMN3VKSwp4anB1WVEwTFBpNmQ3YjJXYW5NbEUzc09JUWdSek9IWnlya3J0d3N2dTJrRmswMjJhbE9seTNZL3lJMGpTVjRtCnNBOUREM2dMMDRBTDlvVElkZXlYeTRULzgzaWErakZYdktFa2ltV3V6OE5CN3BWMWxPaUI1UjBCVVYzY2I1M04Kb0lzckVBemVYZTFhVVhIbHZyazF0SDJIQmpndEJkOVlHK29HV0k0YnlIUUVFek14L3p6VDR6QnBDNTRHeGsvZApSTlJNQVhzeVJmYzFsQzd4Wm5KaE5vK1dhZ3k1akIzdkhoNFFlWHRxS3FzQ1FPazNsT2VjMTVPZitONnhjczc0CkU0UURsOFA0eEg0QjNjZ1NvZE9kUkxDbTQwdnN1alVUSUx6b3I3Q3RvRzNMREdVc2p2TldpVkhjblV1U1kwb1kKNk8wa29aZFVkVFZwTVhnUGhTdEdveVE9Ci0tLS0tRU5EIENFUlRJRklDQVRFLS0tLS0K"
              }
            ],
            "master_authorized_networks_config": [],
            "master_version": "1.33.4-gke.1036000",
            "mesh_certificates": [],
            "min_master_version": null,
            "monitoring_config": [
              {
                "advanced_datapath_observability_config": [
                  {
                    "enable_metrics": false,
                    "enable_relay": false
                  }
                ],
                "enable_components": [
                  "SYSTEM_COMPONENTS",
                  "DAEMONSET",
                  "DEPLOYMENT",
                  "STATEFULSET",
                  "JOBSET",
                  "STORAGE",
                  "HPA",
                  "POD",
                  "CADVISOR",
                  "KUBELET",
                  "DCGM"
                ],
                "managed_prometheus": [
                  {
                    "auto_monitoring_config": [],
                    "enabled": true
                  }
                ]
              }
            ],
            "monitoring_service": "monitoring.googleapis.com/kubernetes",
            "name": "tf-gke-cluster",
            "network": "projects/radiant-arcanum-472209-v6/global/networks/default",
            "network_performance_config": [],
            "network_policy": [
              {
                "enabled": false,
                "provider": "PROVIDER_UNSPECIFIED"
              }
            ],
            "networking_mode": "VPC_NATIVE",
            "node_config": [
              {
                "advanced_machine_features": [],
                "boot_disk": [
                  {
                    "disk_type": "pd-balanced",
                    "provisioned_iops": 0,
                    "provisioned_throughput": 0,
                    "size_gb": 100
                  }
                ],
                "boot_disk_kms_key": "",
                "confidential_nodes": [],
                "containerd_config": [],
                "disk_size_gb": 100,
                "disk_type": "pd-balanced",
                "effective_taints": [],
                "enable_confidential_storage": false,
                "ephemeral_storage_local_ssd_config": [],
                "fast_socket": [],
                "flex_start": false,
                "gcfs_config": [],
                "guest_accelerator": [],
                "gvnic": [],
                "host_maintenance_policy": [],
                "image_type": "COS_CONTAINERD",
                "kubelet_config": [
                  {
                    "allowed_unsafe_sysctls": [],
                    "container_log_max_files": 0,
                    "container_log_max_size": "",
                    "cpu_cfs_quota": false,
                    "cpu_cfs_quota_period": "",
                    "cpu_manager_policy": "",
                    "eviction_max_pod_grace_period_seconds": 0,
                    "eviction_minimum_reclaim": [],
                    "eviction_soft": [],
                    "eviction_soft_grace_period": [],
                    "image_gc_high_threshold_percent": 0,
                    "image_gc_low_threshold_percent": 0,
                    "image_maximum_gc_age": "",
                    "image_minimum_gc_age": "",
                    "insecure_kubelet_readonly_port_enabled": "FALSE",
                    "max_parallel_image_pulls": 2,
                    "memory_manager": [],
                    "pod_pids_limit": 0,
                    "single_process_oom_kill": false,
                    "topology_manager": []
                  }
                ],
                "labels": {},
                "linux_node_config": [],
                "local_nvme_ssd_block_config": [],
                "local_ssd_count": 0,
                "local_ssd_encryption_mode": "",
                "logging_variant": "DEFAULT",
                "machine_type": "e2-medium",
                "max_run_duration": "",
                "metadata": {
                  "disable-legacy-endpoints": "true"
                },
                "min_cpu_platform": "",
                "node_group": "",
                "oauth_scopes": [
                  "https://www.googleapis.com/auth/cloud-platform"
                ],
                "preemptible": false,
                "reservation_affinity": [],
                "resource_labels": {
                  "goog-gke-node-pool-provisioning-model": "on-demand"
                },
                "resource_manager_tags": {},
                "secondary_boot_disks": [],
                "service_account": "default",
                "shielded_instance_config": [
                  {
                    "enable_integrity_monitoring": true,
                    "enable_secure_boot": false
                  }
                ],
                "sole_tenant_config": [],
                "spot": false,
                "storage_pools": [],
                "tags": [],
                "taint": [],
                "windows_node_config": [
                  {
                    "osversion": ""
                  }
                ],
                "workload_metadata_config": []
              }
            ],
            "node_locations": [],
            "node_pool": [
              {
                "autoscaling": [
                  {
                    "location_policy": "BALANCED",
                    "max_node_count": 2,
                    "min_node_count": 2,
                    "total_max_node_count": 0,
                    "total_min_node_count": 0
                  }
                ],
                "initial_node_count": 2,
                "instance_group_urls": [
                  "https://www.googleapis.com/compute/v1/projects/radiant-arcanum-472209-v6/zones/us-central1-a/instanceGroupManagers/gke-tf-gke-cluster-primary-node-pool-669253a3-grp"
                ],
                "managed_instance_group_urls": [
                  "https://www.googleapis.com/compute/v1/projects/radiant-arcanum-472209-v6/zones/us-central1-a/instanceGroups/gke-tf-gke-cluster-primary-node-pool-669253a3-grp"
                ],
                "management": [
                  {
                    "auto_repair": true,
                    "auto_upgrade": true
                  }
                ],
                "max_pods_per_node": 110,
                "name": "primary-node-pool",
                "name_prefix": "",
                "network_config": [
                  {
                    "additional_node_network_configs": [],
                    "additional_pod_network_configs": [],
                    "create_pod_range": false,
                    "enable_private_nodes": false,
                    "network_performance_config": [],
                    "pod_cidr_overprovision_config": [],
                    "pod_ipv4_cidr_block": "10.100.0.0/14",
                    "pod_range": "gke-tf-gke-cluster-pods-595502f6",
                    "subnetwork": "projects/radiant-arcanum-472209-v6/regions/us-central1/subnetworks/default"
                  }
                ],
                "node_config": [
                  {
                    "advanced_machine_features": [],
                    "boot_disk": [
                      {
                        "disk_type": "pd-balanced",
                        "provisioned_iops": 0,
                        "provisioned_throughput": 0,
                        "size_gb": 100
                      }
                    ],
                    "boot_disk_kms_key": "",
                    "confidential_nodes": [],
                    "containerd_config": [],
                    "disk_size_gb": 100,
                    "disk_type": "pd-balanced",
                    "effective_taints": [],
                    "enable_confidential_storage": false,
                    "ephemeral_storage_local_ssd_config": [],
                    "fast_socket": [],
                    "flex_start": false,
                    "gcfs_config": [],
                    "guest_accelerator": [],
                    "gvnic": [],
                    "host_maintenance_policy": [],
                    "image_type": "COS_CONTAINERD",
                    "kubelet_config": [
                      {
                        "allowed_unsafe_sysctls": [],
                        "container_log_max_files": 0,
                        "container_log_max_size": "",
                        "cpu_cfs_quota": false,
                        "cpu_cfs_quota_period": "",
                        "cpu_manager_policy": "",
                        "eviction_max_pod_grace_period_seconds": 0,
                        "eviction_minimum_reclaim": [],
                        "eviction_soft": [],
                        "eviction_soft_grace_period": [],
                        "image_gc_high_threshold_percent": 0,
                        "image_gc_low_threshold_percent": 0,
                        "image_maximum_gc_age": "",
                        "image_minimum_gc_age": "",
                        "insecure_kubelet_readonly_port_enabled": "FALSE",
                        "max_parallel_image_pulls": 2,
                        "memory_manager": [],
                        "pod_pids_limit": 0,
                        "single_process_oom_kill": false,
                        "topology_manager": []
                      }
                    ],
                    "labels": {},
                    "linux_node_config": [],
                    "local_nvme_ssd_block_config": [],
                    "local_ssd_count": 0,
                    "local_ssd_encryption_mode": "",
                    "logging_variant": "DEFAULT",
                    "machine_type": "e2-medium",
                    "max_run_duration": "",
                    "metadata": {
                      "disable-legacy-endpoints": "true"
                    },
                    "min_cpu_platform": "",
                    "node_group": "",
                    "oauth_scopes": [
                      "https://www.googleapis.com/auth/cloud-platform"
                    ],
                    "preemptible": false,
                    "reservation_affinity": [],
                    "resource_labels": {
                      "goog-gke-node-pool-provisioning-model": "on-demand"
                    },
                    "resource_manager_tags": {},
                    "secondary_boot_disks": [],
                    "service_account": "default",
                    "shielded_instance_config": [
                      {
                        "enable_integrity_monitoring": true,
                        "enable_secure_boot": false
                      }
                    ],
                    "sole_tenant_config": [],
                    "spot": false,
                    "storage_pools": [],
                    "tags": [],
                    "taint": [],
                    "windows_node_config": [
                      {
                        "osversion": ""
                      }
                    ],
                    "workload_metadata_config": []
                  }
                ],
                "node_count": 2,
                "node_locations": [
                  "us-central1-a"
                ],
                "placement_policy": [],
                "queued_provisioning": [],
                "upgrade_settings": [
                  {
                    "blue_green_settings": [],
                    "max_surge": 1,
                    "max_unavailable": 0,
                    "strategy": "SURGE"
                  }
                ],
                "version": "1.33.4-gke.1036000"
              }
            ],
            "node_pool_auto_config": [
              {
                "linux_node_config": [],
                "network_tags": [],
                "node_kubelet_config": [
                  {
                    "insecure_kubelet_readonly_port_enabled": "FALSE"
                  }
                ],
                "resource_manager_tags": {}
              }
            ],
            "node_pool_defaults": [
              {
                "node_config_defaults": [
                  {
                    "containerd_config": [],
                    "gcfs_config": [],
                    "insecure_kubelet_readonly_port_enabled": "FALSE",
                    "logging_variant": "DEFAULT"
                  }
                ]
              }
            ],
            "node_version": "1.33.4-gke.1036000",
            "notification_config": [
              {
                "pubsub": [
                  {
                    "enabled": false,
                    "filter": [],
                    "topic": ""
                  }
                ]
              }
            ],
            "operation": null,
            "pod_autoscaling": [
              {
                "hpa_profile": "PERFORMANCE"
              }
            ],
            "private_cluster_config": [
              {
                "enable_private_endpoint": false,
                "enable_private_nodes": false,
                "master_global_access_config": [
                  {
                    "enabled": false
                  }
                ],
                "master_ipv4_cidr_block": "",
                "peering_name": "",
                "private_endpoint": "10.128.0.43",
                "private_endpoint_subnetwork": "",
                "public_endpoint": "34.72.121.240"
              }
            ],
            "private_ipv6_google_access": "",
            "project": "radiant-arcanum-472209-v6",
            "rbac_binding_config": [
              {
                "enable_insecure_binding_system_authenticated": true,
                "enable_insecure_binding_system_unauthenticated": true
              }
            ],
            "release_channel": [
              {
                "channel": "REGULAR"
              }
            ],
            "remove_default_node_pool": true,
            "resource_labels": {},
            "resource_usage_export_config": [],
            "secret_manager_config": [
              {
                "enabled": false,
                "rotation_config": []
              }
            ],
            "security_posture_config": [
              {
                "mode": "BASIC",
                "vulnerability_mode": "VULNERABILITY_MODE_UNSPECIFIED"
              }
            ],
            "self_link": "https://container.googleapis.com/v1/projects/radiant-arcanum-472209-v6/zones/us-central1-a/clusters/tf-gke-cluster",
            "service_external_ips_config": [
              {
                "enabled": false
              }
            ],
            "services_ipv4_cidr": "34.118.224.0/20",
            "subnetwork": "projects/radiant-arcanum-472209-v6/regions/us-central1/subnetworks/default",
            "terraform_labels": {
              "goog-terraform-provisioned": "true"
            },
            "timeouts": null,
            "tpu_ipv4_cidr_block": "",
            "user_managed_keys_config": [],
            "vertical_pod_autoscaling": [],
            "workload_identity_config": []
          },
          "sensitive_attributes": [],
          "private": "eyJlMmJmYjczMC1lY2FhLTExZTYtOGY4OC0zNDM2M2JjN2M0YzAiOnsiY3JlYXRlIjoyNDAwMDAwMDAwMDAwLCJkZWxldGUiOjI0MDAwMDAwMDAwMDAsInJlYWQiOjI0MDAwMDAwMDAwMDAsInVwZGF0ZSI6MzYwMDAwMDAwMDAwMH0sInNjaGVtYV92ZXJzaW9uIjoiMiJ9"
        }
      ]
    },
    {
      "mode": "managed",
      "type": "google_container_node_pool",
      "name": "primary_nodes",
      "provider": "provider[\"registry.terraform.io/hashicorp/google\"]",
      "instances": [
        {
          "schema_version": 1,
          "attributes": {
            "autoscaling": [
              {
                "location_policy": "BALANCED",
                "max_node_count": 2,
                "min_node_count": 2,
                "total_max_node_count": 0,
                "total_min_node_count": 0
              }
            ],
            "cluster": "tf-gke-cluster",
            "id": "projects/radiant-arcanum-472209-v6/locations/us-central1-a/clusters/tf-gke-cluster/nodePools/primary-node-pool",
            "initial_node_count": 2,
            "instance_group_urls": [
              "https://www.googleapis.com/compute/v1/projects/radiant-arcanum-472209-v6/zones/us-central1-a/instanceGroupManagers/gke-tf-gke-cluster-primary-node-pool-669253a3-grp"
            ],
            "location": "us-central1-a",
            "managed_instance_group_urls": [
              "https://www.googleapis.com/compute/v1/projects/radiant-arcanum-472209-v6/zones/us-central1-a/instanceGroups/gke-tf-gke-cluster-primary-node-pool-669253a3-grp"
            ],
            "management": [
              {
                "auto_repair": true,
                "auto_upgrade": true
              }
            ],
            "max_pods_per_node": 110,
            "name": "primary-node-pool",
            "name_prefix": "",
            "network_config": [
              {
                "additional_node_network_configs": [],
                "additional_pod_network_configs": [],
                "create_pod_range": false,
                "enable_private_nodes": false,
                "network_performance_config": [],
                "pod_cidr_overprovision_config": [],
                "pod_ipv4_cidr_block": "10.100.0.0/14",
                "pod_range": "gke-tf-gke-cluster-pods-595502f6",
                "subnetwork": "projects/radiant-arcanum-472209-v6/regions/us-central1/subnetworks/default"
              }
            ],
            "node_config": [
              {
                "advanced_machine_features": [],
                "boot_disk": [
                  {
                    "disk_type": "pd-balanced",
                    "provisioned_iops": 0,
                    "provisioned_throughput": 0,
                    "size_gb": 100
                  }
                ],
                "boot_disk_kms_key": "",
                "confidential_nodes": [],
                "containerd_config": [],
                "disk_size_gb": 100,
                "disk_type": "pd-balanced",
                "effective_taints": [],
                "enable_confidential_storage": false,
                "ephemeral_storage_local_ssd_config": [],
                "fast_socket": [],
                "flex_start": false,
                "gcfs_config": [],
                "guest_accelerator": [],
                "gvnic": [],
                "host_maintenance_policy": [],
                "image_type": "COS_CONTAINERD",
                "kubelet_config": [
                  {
                    "allowed_unsafe_sysctls": [],
                    "container_log_max_files": 0,
                    "container_log_max_size": "",
                    "cpu_cfs_quota": false,
                    "cpu_cfs_quota_period": "",
                    "cpu_manager_policy": "",
                    "eviction_max_pod_grace_period_seconds": 0,
                    "eviction_minimum_reclaim": [],
                    "eviction_soft": [],
                    "eviction_soft_grace_period": [],
                    "image_gc_high_threshold_percent": 0,
                    "image_gc_low_threshold_percent": 0,
                    "image_maximum_gc_age": "",
                    "image_minimum_gc_age": "",
                    "insecure_kubelet_readonly_port_enabled": "FALSE",
                    "max_parallel_image_pulls": 2,
                    "memory_manager": [],
                    "pod_pids_limit": 0,
                    "single_process_oom_kill": false,
                    "topology_manager": []
                  }
                ],
                "labels": {},
                "linux_node_config": [],
                "local_nvme_ssd_block_config": [],
                "local_ssd_count": 0,
                "local_ssd_encryption_mode": "",
                "logging_variant": "DEFAULT",
                "machine_type": "e2-medium",
                "max_run_duration": "",
                "metadata": {
                  "disable-legacy-endpoints": "true"
                },
                "min_cpu_platform": "",
                "node_group": "",
                "oauth_scopes": [
                  "https://www.googleapis.com/auth/cloud-platform"
                ],
                "preemptible": false,
                "reservation_affinity": [],
                "resource_labels": {
                  "goog-gke-node-pool-provisioning-model": "on-demand"
                },
                "resource_manager_tags": {},
                "secondary_boot_disks": [],
                "service_account": "default",
                "shielded_instance_config": [
                  {
                    "enable_integrity_monitoring": true,
                    "enable_secure_boot": false
                  }
                ],
                "sole_tenant_config": [],
                "spot": false,
                "storage_pools": [],
                "tags": [],
                "taint": [],
                "windows_node_config": [
                  {
                    "osversion": ""
                  }
                ],
                "workload_metadata_config": []
              }
            ],
            "node_count": 2,
            "node_locations": [
              "us-central1-a"
            ],
            "operation": null,
            "placement_policy": [],
            "project": "radiant-arcanum-472209-v6",
            "queued_provisioning": [],
            "timeouts": null,
            "upgrade_settings": [
              {
                "blue_green_settings": [],
                "max_surge": 1,
                "max_unavailable": 0,
                "strategy": "SURGE"
              }
            ],
            "version": "1.33.4-gke.1036000"
          },
          "sensitive_attributes": [],
          "private": "eyJlMmJmYjczMC1lY2FhLTExZTYtOGY4OC0zNDM2M2JjN2M0YzAiOnsiY3JlYXRlIjoxODAwMDAwMDAwMDAwLCJkZWxldGUiOjE4MDAwMDAwMDAwMDAsInVwZGF0ZSI6MTgwMDAwMDAwMDAwMH0sInNjaGVtYV92ZXJzaW9uIjoiMSJ9",
          "dependencies": [
            "google_container_cluster.primary"
          ]
        }
      ]
    },
    {
      "mode": "managed",
      "type": "google_project_service",
      "name": "compute",
      "provider": "provider[\"registry.terraform.io/hashicorp/google\"]",
      "instances": [
        {
          "schema_version": 0,
          "attributes": {
            "disable_dependent_services": null,
            "disable_on_destroy": null,
            "id": "radiant-arcanum-472209-v6/compute.googleapis.com",
            "project": "radiant-arcanum-472209-v6",
            "service": "compute.googleapis.com",
            "timeouts": null
          },
          "sensitive_attributes": [],
          "private": "eyJlMmJmYjczMC1lY2FhLTExZTYtOGY4OC0zNDM2M2JjN2M0YzAiOnsiY3JlYXRlIjoxMjAwMDAwMDAwMDAwLCJkZWxldGUiOjEyMDAwMDAwMDAwMDAsInJlYWQiOjYwMDAwMDAwMDAwMCwidXBkYXRlIjoxMjAwMDAwMDAwMDAwfX0="
        }
      ]
    },
    {
      "mode": "managed",
      "type": "google_project_service",
      "name": "container",
      "provider": "provider[\"registry.terraform.io/hashicorp/google\"]",
      "instances": [
        {
          "schema_version": 0,
          "attributes": {
            "disable_dependent_services": null,
            "disable_on_destroy": null,
            "id": "radiant-arcanum-472209-v6/container.googleapis.com",
            "project": "radiant-arcanum-472209-v6",
            "service": "container.googleapis.com",
            "timeouts": null
          },
          "sensitive_attributes": [],
          "private": "eyJlMmJmYjczMC1lY2FhLTExZTYtOGY4OC0zNDM2M2JjN2M0YzAiOnsiY3JlYXRlIjoxMjAwMDAwMDAwMDAwLCJkZWxldGUiOjEyMDAwMDAwMDAwMDAsInJlYWQiOjYwMDAwMDAwMDAwMCwidXBkYXRlIjoxMjAwMDAwMDAwMDAwfX0="
        }
      ]
    },
    {
      "mode": "managed",
      "type": "google_storage_bucket",
      "name": "tfstate_backup",
      "provider": "provider[\"registry.terraform.io/hashicorp/google\"]",
      "instances": [
        {
          "schema_version": 4,
          "attributes": {
            "autoclass": [],
            "cors": [],
            "custom_placement_config": [],
            "default_event_based_hold": false,
            "effective_labels": {
              "goog-terraform-provisioned": "true"
            },
            "enable_object_retention": false,
            "encryption": [],
            "force_destroy": true,
            "hierarchical_namespace": [
              {
                "enabled": false
              }
            ],
            "id": "my-tfstate-backup-bucket",
            "ip_filter": [],
            "labels": {},
            "lifecycle_rule": [],
            "location": "US-CENTRAL1",
            "logging": [],
            "name": "my-tfstate-backup-bucket",
            "project": "radiant-arcanum-472209-v6",
            "project_number": 218930959698,
            "public_access_prevention": "inherited",
            "requester_pays": false,
            "retention_policy": [],
            "rpo": null,
            "self_link": "https://www.googleapis.com/storage/v1/b/my-tfstate-backup-bucket",
            "soft_delete_policy": [
              {
                "effective_time": "2025-09-18T05:35:36.857Z",
                "retention_duration_seconds": 604800
              }
            ],
            "storage_class": "STANDARD",
            "terraform_labels": {
              "goog-terraform-provisioned": "true"
            },
            "time_created": "2025-09-18T05:35:36.857Z",
            "timeouts": null,
            "uniform_bucket_level_access": true,
            "updated": "2025-09-18T05:35:36.857Z",
            "url": "gs://my-tfstate-backup-bucket",
            "versioning": [
              {
                "enabled": true
              }
            ],
            "website": []
          },
          "sensitive_attributes": [],
          "private": "eyJlMmJmYjczMC1lY2FhLTExZTYtOGY4OC0zNDM2M2JjN2M0YzAiOnsiY3JlYXRlIjo2MDAwMDAwMDAwMDAsInJlYWQiOjI0MDAwMDAwMDAwMCwidXBkYXRlIjoyNDAwMDAwMDAwMDB9LCJzY2hlbWFfdmVyc2lvbiI6IjQifQ=="
        }
      ]
    },
    {
      "mode": "managed",
      "type": "google_storage_bucket_iam_member",
      "name": "private_access",
      "provider": "provider[\"registry.terraform.io/hashicorp/google\"]",
      "instances": [
        {
          "schema_version": 0,
          "attributes": {
            "bucket": "b/my-tfstate-backup-bucket",
            "condition": [],
            "etag": "CAI=",
            "id": "b/my-tfstate-backup-bucket/roles/storage.objectAdmin/user:anila.gokada.8@gmail.com",
            "member": "user:anila.gokada.8@gmail.com",
            "role": "roles/storage.objectAdmin"
          },
          "sensitive_attributes": [],
          "private": "bnVsbA==",
          "dependencies": [
            "google_storage_bucket.tfstate_backup"
          ]
        }
      ]
    }
  ],
  "check_results": null
}
